// !$*UTF8*$!
{
	archiveVersion = 1;
	classes = {
	};
	objectVersion = 50;
	objects = {

/* Begin PBXBuildFile section */
		751169402169D30E00162970 /* KeyGenerator.swift in Sources */ = {isa = PBXBuildFile; fileRef = 7511693F2169D30E00162970 /* KeyGenerator.swift */; };
		751169422169D64900162970 /* Constants.swift in Sources */ = {isa = PBXBuildFile; fileRef = 751169412169D64900162970 /* Constants.swift */; };
		75116944216A310E00162970 /* BitValue.swift in Sources */ = {isa = PBXBuildFile; fileRef = 75116943216A310E00162970 /* BitValue.swift */; };
		7511694C216A33FC00162970 /* SecurityDESLab1Tests.swift in Sources */ = {isa = PBXBuildFile; fileRef = 7511694B216A33FC00162970 /* SecurityDESLab1Tests.swift */; };
		75116953216A355B00162970 /* Block.swift in Sources */ = {isa = PBXBuildFile; fileRef = 752363A921662BC90082AAD4 /* Block.swift */; };
		75116954216A36EC00162970 /* Constants.swift in Sources */ = {isa = PBXBuildFile; fileRef = 751169412169D64900162970 /* Constants.swift */; };
		7523639621662B9E0082AAD4 /* AppDelegate.swift in Sources */ = {isa = PBXBuildFile; fileRef = 7523639521662B9E0082AAD4 /* AppDelegate.swift */; };
		7523639B21662B9E0082AAD4 /* Main.storyboard in Resources */ = {isa = PBXBuildFile; fileRef = 7523639921662B9E0082AAD4 /* Main.storyboard */; };
		7523639D21662BA10082AAD4 /* Assets.xcassets in Resources */ = {isa = PBXBuildFile; fileRef = 7523639C21662BA10082AAD4 /* Assets.xcassets */; };
		752363A021662BA10082AAD4 /* LaunchScreen.storyboard in Resources */ = {isa = PBXBuildFile; fileRef = 7523639E21662BA10082AAD4 /* LaunchScreen.storyboard */; };
		752363AC21662BCA0082AAD4 /* Block.swift in Sources */ = {isa = PBXBuildFile; fileRef = 752363A921662BC90082AAD4 /* Block.swift */; };
		752363AD21662BCA0082AAD4 /* Custom operators.swift in Sources */ = {isa = PBXBuildFile; fileRef = 752363AA21662BC90082AAD4 /* Custom operators.swift */; };
		752363AE21662BCA0082AAD4 /* DESEncryptor.swift in Sources */ = {isa = PBXBuildFile; fileRef = 752363AB21662BCA0082AAD4 /* DESEncryptor.swift */; };
		752363B021662BD70082AAD4 /* Int extension.swift in Sources */ = {isa = PBXBuildFile; fileRef = 752363AF21662BD70082AAD4 /* Int extension.swift */; };
		752363B4216630070082AAD4 /* ViewController.swift in Sources */ = {isa = PBXBuildFile; fileRef = 752363B3216630070082AAD4 /* ViewController.swift */; };
		752363B6216635510082AAD4 /* UIViewController extension.swift in Sources */ = {isa = PBXBuildFile; fileRef = 752363B5216635510082AAD4 /* UIViewController extension.swift */; };
		756DC9EA2169C0A300DF903B /* DESTable.swift in Sources */ = {isa = PBXBuildFile; fileRef = 756DC9E92169C0A300DF903B /* DESTable.swift */; };
		756DC9EC2169C47500DF903B /* DESBlock.swift in Sources */ = {isa = PBXBuildFile; fileRef = 756DC9EB2169C47500DF903B /* DESBlock.swift */; };
/* End PBXBuildFile section */

/* Begin PBXContainerItemProxy section */
		7511694E216A33FC00162970 /* PBXContainerItemProxy */ = {
			isa = PBXContainerItemProxy;
			containerPortal = 7523638A21662B9E0082AAD4 /* Project object */;
			proxyType = 1;
			remoteGlobalIDString = 7523639121662B9E0082AAD4;
			remoteInfo = SecurityDESLab1;
		};
/* End PBXContainerItemProxy section */

/* Begin PBXFileReference section */
		7511693F2169D30E00162970 /* KeyGenerator.swift */ = {isa = PBXFileReference; lastKnownFileType = sourcecode.swift; path = KeyGenerator.swift; sourceTree = "<group>"; };
		751169412169D64900162970 /* Constants.swift */ = {isa = PBXFileReference; lastKnownFileType = sourcecode.swift; path = Constants.swift; sourceTree = "<group>"; };
		75116943216A310E00162970 /* BitValue.swift */ = {isa = PBXFileReference; lastKnownFileType = sourcecode.swift; path = BitValue.swift; sourceTree = "<group>"; };
		75116949216A33FC00162970 /* SecurityDESLab1Tests.xctest */ = {isa = PBXFileReference; explicitFileType = wrapper.cfbundle; includeInIndex = 0; path = SecurityDESLab1Tests.xctest; sourceTree = BUILT_PRODUCTS_DIR; };
		7511694B216A33FC00162970 /* SecurityDESLab1Tests.swift */ = {isa = PBXFileReference; lastKnownFileType = sourcecode.swift; path = SecurityDESLab1Tests.swift; sourceTree = "<group>"; };
		7511694D216A33FC00162970 /* Info.plist */ = {isa = PBXFileReference; lastKnownFileType = text.plist.xml; path = Info.plist; sourceTree = "<group>"; };
		7523639221662B9E0082AAD4 /* SecurityDESLab1.app */ = {isa = PBXFileReference; explicitFileType = wrapper.application; includeInIndex = 0; path = SecurityDESLab1.app; sourceTree = BUILT_PRODUCTS_DIR; };
		7523639521662B9E0082AAD4 /* AppDelegate.swift */ = {isa = PBXFileReference; lastKnownFileType = sourcecode.swift; path = AppDelegate.swift; sourceTree = "<group>"; };
		7523639A21662B9E0082AAD4 /* Base */ = {isa = PBXFileReference; lastKnownFileType = file.storyboard; name = Base; path = Base.lproj/Main.storyboard; sourceTree = "<group>"; };
		7523639C21662BA10082AAD4 /* Assets.xcassets */ = {isa = PBXFileReference; lastKnownFileType = folder.assetcatalog; path = Assets.xcassets; sourceTree = "<group>"; };
		7523639F21662BA10082AAD4 /* Base */ = {isa = PBXFileReference; lastKnownFileType = file.storyboard; name = Base; path = Base.lproj/LaunchScreen.storyboard; sourceTree = "<group>"; };
		752363A121662BA10082AAD4 /* Info.plist */ = {isa = PBXFileReference; lastKnownFileType = text.plist.xml; path = Info.plist; sourceTree = "<group>"; };
		752363A921662BC90082AAD4 /* Block.swift */ = {isa = PBXFileReference; fileEncoding = 4; lastKnownFileType = sourcecode.swift; path = Block.swift; sourceTree = "<group>"; };
		752363AA21662BC90082AAD4 /* Custom operators.swift */ = {isa = PBXFileReference; fileEncoding = 4; lastKnownFileType = sourcecode.swift; path = "Custom operators.swift"; sourceTree = "<group>"; };
		752363AB21662BCA0082AAD4 /* DESEncryptor.swift */ = {isa = PBXFileReference; fileEncoding = 4; lastKnownFileType = sourcecode.swift; path = DESEncryptor.swift; sourceTree = "<group>"; };
		752363AF21662BD70082AAD4 /* Int extension.swift */ = {isa = PBXFileReference; fileEncoding = 4; lastKnownFileType = sourcecode.swift; path = "Int extension.swift"; sourceTree = "<group>"; };
		752363B3216630070082AAD4 /* ViewController.swift */ = {isa = PBXFileReference; lastKnownFileType = sourcecode.swift; path = ViewController.swift; sourceTree = "<group>"; };
		752363B5216635510082AAD4 /* UIViewController extension.swift */ = {isa = PBXFileReference; lastKnownFileType = sourcecode.swift; path = "UIViewController extension.swift"; sourceTree = "<group>"; };
		756DC9E92169C0A300DF903B /* DESTable.swift */ = {isa = PBXFileReference; lastKnownFileType = sourcecode.swift; path = DESTable.swift; sourceTree = "<group>"; };
		756DC9EB2169C47500DF903B /* DESBlock.swift */ = {isa = PBXFileReference; lastKnownFileType = sourcecode.swift; path = DESBlock.swift; sourceTree = "<group>"; };
/* End PBXFileReference section */

/* Begin PBXFrameworksBuildPhase section */
		75116946216A33FC00162970 /* Frameworks */ = {
			isa = PBXFrameworksBuildPhase;
			buildActionMask = 2147483647;
			files = (
			);
			runOnlyForDeploymentPostprocessing = 0;
		};
		7523638F21662B9E0082AAD4 /* Frameworks */ = {
			isa = PBXFrameworksBuildPhase;
			buildActionMask = 2147483647;
			files = (
			);
			runOnlyForDeploymentPostprocessing = 0;
		};
/* End PBXFrameworksBuildPhase section */

/* Begin PBXGroup section */
		7511694A216A33FC00162970 /* SecurityDESLab1Tests */ = {
			isa = PBXGroup;
			children = (
				7511694B216A33FC00162970 /* SecurityDESLab1Tests.swift */,
				7511694D216A33FC00162970 /* Info.plist */,
			);
			path = SecurityDESLab1Tests;
			sourceTree = "<group>";
		};
		7523638921662B9E0082AAD4 = {
			isa = PBXGroup;
			children = (
				7523639421662B9E0082AAD4 /* SecurityDESLab1 */,
				7511694A216A33FC00162970 /* SecurityDESLab1Tests */,
				7523639321662B9E0082AAD4 /* Products */,
			);
			sourceTree = "<group>";
		};
		7523639321662B9E0082AAD4 /* Products */ = {
			isa = PBXGroup;
			children = (
				7523639221662B9E0082AAD4 /* SecurityDESLab1.app */,
				75116949216A33FC00162970 /* SecurityDESLab1Tests.xctest */,
			);
			name = Products;
			sourceTree = "<group>";
		};
		7523639421662B9E0082AAD4 /* SecurityDESLab1 */ = {
			isa = PBXGroup;
			children = (
				756DC9E82169C09600DF903B /* Utilities */,
				752363A121662BA10082AAD4 /* Info.plist */,
				752363B221662BF00082AAD4 /* Other */,
				752363B121662BDD0082AAD4 /* Controllers */,
				752363A821662BAB0082AAD4 /* Extensions */,
				752363A721662BA60082AAD4 /* Model */,
			);
			path = SecurityDESLab1;
			sourceTree = "<group>";
		};
		752363A721662BA60082AAD4 /* Model */ = {
			isa = PBXGroup;
			children = (
				752363A921662BC90082AAD4 /* Block.swift */,
				756DC9EB2169C47500DF903B /* DESBlock.swift */,
				752363AA21662BC90082AAD4 /* Custom operators.swift */,
				752363AB21662BCA0082AAD4 /* DESEncryptor.swift */,
				7511693F2169D30E00162970 /* KeyGenerator.swift */,
				75116943216A310E00162970 /* BitValue.swift */,
			);
			path = Model;
			sourceTree = "<group>";
		};
		752363A821662BAB0082AAD4 /* Extensions */ = {
			isa = PBXGroup;
			children = (
				752363AF21662BD70082AAD4 /* Int extension.swift */,
				752363B5216635510082AAD4 /* UIViewController extension.swift */,
			);
			path = Extensions;
			sourceTree = "<group>";
		};
		752363B121662BDD0082AAD4 /* Controllers */ = {
			isa = PBXGroup;
			children = (
				752363B3216630070082AAD4 /* ViewController.swift */,
			);
			path = Controllers;
			sourceTree = "<group>";
		};
		752363B221662BF00082AAD4 /* Other */ = {
			isa = PBXGroup;
			children = (
				7523639521662B9E0082AAD4 /* AppDelegate.swift */,
				7523639921662B9E0082AAD4 /* Main.storyboard */,
				7523639C21662BA10082AAD4 /* Assets.xcassets */,
				7523639E21662BA10082AAD4 /* LaunchScreen.storyboard */,
			);
			path = Other;
			sourceTree = "<group>";
		};
		756DC9E82169C09600DF903B /* Utilities */ = {
			isa = PBXGroup;
			children = (
				756DC9E92169C0A300DF903B /* DESTable.swift */,
				751169412169D64900162970 /* Constants.swift */,
			);
			path = Utilities;
			sourceTree = "<group>";
		};
/* End PBXGroup section */

/* Begin PBXNativeTarget section */
		75116948216A33FC00162970 /* SecurityDESLab1Tests */ = {
			isa = PBXNativeTarget;
			buildConfigurationList = 75116950216A33FC00162970 /* Build configuration list for PBXNativeTarget "SecurityDESLab1Tests" */;
			buildPhases = (
				75116945216A33FC00162970 /* Sources */,
				75116946216A33FC00162970 /* Frameworks */,
				75116947216A33FC00162970 /* Resources */,
			);
			buildRules = (
			);
			dependencies = (
				7511694F216A33FC00162970 /* PBXTargetDependency */,
			);
			name = SecurityDESLab1Tests;
			productName = SecurityDESLab1Tests;
			productReference = 75116949216A33FC00162970 /* SecurityDESLab1Tests.xctest */;
			productType = "com.apple.product-type.bundle.unit-test";
		};
		7523639121662B9E0082AAD4 /* SecurityDESLab1 */ = {
			isa = PBXNativeTarget;
			buildConfigurationList = 752363A421662BA10082AAD4 /* Build configuration list for PBXNativeTarget "SecurityDESLab1" */;
			buildPhases = (
				7523638E21662B9E0082AAD4 /* Sources */,
				7523638F21662B9E0082AAD4 /* Frameworks */,
				7523639021662B9E0082AAD4 /* Resources */,
			);
			buildRules = (
			);
			dependencies = (
			);
			name = SecurityDESLab1;
			productName = SecurityDESLab1;
			productReference = 7523639221662B9E0082AAD4 /* SecurityDESLab1.app */;
			productType = "com.apple.product-type.application";
		};
/* End PBXNativeTarget section */

/* Begin PBXProject section */
		7523638A21662B9E0082AAD4 /* Project object */ = {
			isa = PBXProject;
			attributes = {
				LastSwiftUpdateCheck = 1000;
				LastUpgradeCheck = 1000;
				ORGANIZATIONNAME = Artur;
				TargetAttributes = {
					75116948216A33FC00162970 = {
						CreatedOnToolsVersion = 10.0;
						TestTargetID = 7523639121662B9E0082AAD4;
					};
					7523639121662B9E0082AAD4 = {
						CreatedOnToolsVersion = 10.0;
					};
				};
			};
			buildConfigurationList = 7523638D21662B9E0082AAD4 /* Build configuration list for PBXProject "SecurityDESLab1" */;
			compatibilityVersion = "Xcode 9.3";
			developmentRegion = en;
			hasScannedForEncodings = 0;
			knownRegions = (
				en,
				Base,
			);
			mainGroup = 7523638921662B9E0082AAD4;
			productRefGroup = 7523639321662B9E0082AAD4 /* Products */;
			projectDirPath = "";
			projectRoot = "";
			targets = (
				7523639121662B9E0082AAD4 /* SecurityDESLab1 */,
				75116948216A33FC00162970 /* SecurityDESLab1Tests */,
			);
		};
/* End PBXProject section */

/* Begin PBXResourcesBuildPhase section */
		75116947216A33FC00162970 /* Resources */ = {
			isa = PBXResourcesBuildPhase;
			buildActionMask = 2147483647;
			files = (
			);
			runOnlyForDeploymentPostprocessing = 0;
		};
		7523639021662B9E0082AAD4 /* Resources */ = {
			isa = PBXResourcesBuildPhase;
			buildActionMask = 2147483647;
			files = (
				752363A021662BA10082AAD4 /* LaunchScreen.storyboard in Resources */,
				7523639D21662BA10082AAD4 /* Assets.xcassets in Resources */,
				7523639B21662B9E0082AAD4 /* Main.storyboard in Resources */,
			);
			runOnlyForDeploymentPostprocessing = 0;
		};
/* End PBXResourcesBuildPhase section */

/* Begin PBXSourcesBuildPhase section */
		75116945216A33FC00162970 /* Sources */ = {
			isa = PBXSourcesBuildPhase;
			buildActionMask = 2147483647;
			files = (
				7511694C216A33FC00162970 /* SecurityDESLab1Tests.swift in Sources */,
				75116953216A355B00162970 /* Block.swift in Sources */,
				75116954216A36EC00162970 /* Constants.swift in Sources */,
			);
			runOnlyForDeploymentPostprocessing = 0;
		};
		7523638E21662B9E0082AAD4 /* Sources */ = {
			isa = PBXSourcesBuildPhase;
			buildActionMask = 2147483647;
			files = (
				752363B4216630070082AAD4 /* ViewController.swift in Sources */,
				75116944216A310E00162970 /* BitValue.swift in Sources */,
				751169422169D64900162970 /* Constants.swift in Sources */,
				752363AC21662BCA0082AAD4 /* Block.swift in Sources */,
				756DC9EC2169C47500DF903B /* DESBlock.swift in Sources */,
				752363B6216635510082AAD4 /* UIViewController extension.swift in Sources */,
				752363AE21662BCA0082AAD4 /* DESEncryptor.swift in Sources */,
				7523639621662B9E0082AAD4 /* AppDelegate.swift in Sources */,
				756DC9EA2169C0A300DF903B /* DESTable.swift in Sources */,
				751169402169D30E00162970 /* KeyGenerator.swift in Sources */,
				752363B021662BD70082AAD4 /* Int extension.swift in Sources */,
				752363AD21662BCA0082AAD4 /* Custom operators.swift in Sources */,
			);
			runOnlyForDeploymentPostprocessing = 0;
		};
/* End PBXSourcesBuildPhase section */

/* Begin PBXTargetDependency section */
		7511694F216A33FC00162970 /* PBXTargetDependency */ = {
			isa = PBXTargetDependency;
			target = 7523639121662B9E0082AAD4 /* SecurityDESLab1 */;
			targetProxy = 7511694E216A33FC00162970 /* PBXContainerItemProxy */;
		};
/* End PBXTargetDependency section */

/* Begin PBXVariantGroup section */
		7523639921662B9E0082AAD4 /* Main.storyboard */ = {
			isa = PBXVariantGroup;
			children = (
				7523639A21662B9E0082AAD4 /* Base */,
			);
			name = Main.storyboard;
			sourceTree = "<group>";
		};
		7523639E21662BA10082AAD4 /* LaunchScreen.storyboard */ = {
			isa = PBXVariantGroup;
			children = (
				7523639F21662BA10082AAD4 /* Base */,
			);
			name = LaunchScreen.storyboard;
			sourceTree = "<group>";
		};
/* End PBXVariantGroup section */

/* Begin XCBuildConfiguration section */
		75116951216A33FC00162970 /* Debug */ = {
			isa = XCBuildConfiguration;
			buildSettings = {
				CODE_SIGN_STYLE = Automatic;
				DEVELOPMENT_TEAM = 6D4PZMC7DM;
				INFOPLIST_FILE = SecurityDESLab1Tests/Info.plist;
				LD_RUNPATH_SEARCH_PATHS = (
					"$(inherited)",
					"@executable_path/Frameworks",
					"@loader_path/Frameworks",
				);
				PRODUCT_BUNDLE_IDENTIFIER = Artur.SecurityDESLab1Tests;
				PRODUCT_NAME = "$(TARGET_NAME)";
				SWIFT_VERSION = 4.2;
				TARGETED_DEVICE_FAMILY = "1,2";
				TEST_HOST = "$(BUILT_PRODUCTS_DIR)/SecurityDESLab1.app/SecurityDESLab1";
			};
			name = Debug;
		};
		75116952216A33FC00162970 /* Release */ = {
			isa = XCBuildConfiguration;
			buildSettings = {
				CODE_SIGN_STYLE = Automatic;
				DEVELOPMENT_TEAM = 6D4PZMC7DM;
				INFOPLIST_FILE = SecurityDESLab1Tests/Info.plist;
				LD_RUNPATH_SEARCH_PATHS = (
					"$(inherited)",
					"@executable_path/Frameworks",
					"@loader_path/Frameworks",
				);
				PRODUCT_BUNDLE_IDENTIFIER = Artur.SecurityDESLab1Tests;
				PRODUCT_NAME = "$(TARGET_NAME)";
				SWIFT_VERSION = 4.2;
				TARGETED_DEVICE_FAMILY = "1,2";
				TEST_HOST = "$(BUILT_PRODUCTS_DIR)/SecurityDESLab1.app/SecurityDESLab1";
			};
			name = Release;
		};
		752363A221662BA10082AAD4 /* Debug */ = {
			isa = XCBuildConfiguration;
			buildSettings = {
				ALWAYS_SEARCH_USER_PATHS = NO;
				CLANG_ANALYZER_NONNULL = YES;
				CLANG_ANALYZER_NUMBER_OBJECT_CONVERSION = YES_AGGRESSIVE;
				CLANG_CXX_LANGUAGE_STANDARD = "gnu++14";
				CLANG_CXX_LIBRARY = "libc++";
				CLANG_ENABLE_MODULES = YES;
				CLANG_ENABLE_OBJC_ARC = YES;
				CLANG_ENABLE_OBJC_WEAK = YES;
				CLANG_WARN_BLOCK_CAPTURE_AUTORELEASING = YES;
				CLANG_WARN_BOOL_CONVERSION = YES;
				CLANG_WARN_COMMA = YES;
				CLANG_WARN_CONSTANT_CONVERSION = YES;
				CLANG_WARN_DEPRECATED_OBJC_IMPLEMENTATIONS = YES;
				CLANG_WARN_DIRECT_OBJC_ISA_USAGE = YES_ERROR;
				CLANG_WARN_DOCUMENTATION_COMMENTS = YES;
				CLANG_WARN_EMPTY_BODY = YES;
				CLANG_WARN_ENUM_CONVERSION = YES;
				CLANG_WARN_INFINITE_RECURSION = YES;
				CLANG_WARN_INT_CONVERSION = YES;
				CLANG_WARN_NON_LITERAL_NULL_CONVERSION = YES;
				CLANG_WARN_OBJC_IMPLICIT_RETAIN_SELF = YES;
				CLANG_WARN_OBJC_LITERAL_CONVERSION = YES;
				CLANG_WARN_OBJC_ROOT_CLASS = YES_ERROR;
				CLANG_WARN_RANGE_LOOP_ANALYSIS = YES;
				CLANG_WARN_STRICT_PROTOTYPES = YES;
				CLANG_WARN_SUSPICIOUS_MOVE = YES;
				CLANG_WARN_UNGUARDED_AVAILABILITY = YES_AGGRESSIVE;
				CLANG_WARN_UNREACHABLE_CODE = YES;
				CLANG_WARN__DUPLICATE_METHOD_MATCH = YES;
				CODE_SIGN_IDENTITY = "iPhone Developer";
				COPY_PHASE_STRIP = NO;
				DEBUG_INFORMATION_FORMAT = dwarf;
				ENABLE_STRICT_OBJC_MSGSEND = YES;
				ENABLE_TESTABILITY = YES;
				GCC_C_LANGUAGE_STANDARD = gnu11;
				GCC_DYNAMIC_NO_PIC = NO;
				GCC_NO_COMMON_BLOCKS = YES;
				GCC_OPTIMIZATION_LEVEL = 0;
				GCC_PREPROCESSOR_DEFINITIONS = (
					"DEBUG=1",
					"$(inherited)",
				);
				GCC_WARN_64_TO_32_BIT_CONVERSION = YES;
				GCC_WARN_ABOUT_RETURN_TYPE = YES_ERROR;
				GCC_WARN_UNDECLARED_SELECTOR = YES;
				GCC_WARN_UNINITIALIZED_AUTOS = YES_AGGRESSIVE;
				GCC_WARN_UNUSED_FUNCTION = YES;
				GCC_WARN_UNUSED_VARIABLE = YES;
				IPHONEOS_DEPLOYMENT_TARGET = 12.0;
				MTL_ENABLE_DEBUG_INFO = INCLUDE_SOURCE;
				MTL_FAST_MATH = YES;
				ONLY_ACTIVE_ARCH = YES;
				SDKROOT = iphoneos;
				SWIFT_ACTIVE_COMPILATION_CONDITIONS = DEBUG;
				SWIFT_OPTIMIZATION_LEVEL = "-Onone";
			};
			name = Debug;
		};
		752363A321662BA10082AAD4 /* Release */ = {
			isa = XCBuildConfiguration;
			buildSettings = {
				ALWAYS_SEARCH_USER_PATHS = NO;
				CLANG_ANALYZER_NONNULL = YES;
				CLANG_ANALYZER_NUMBER_OBJECT_CONVERSION = YES_AGGRESSIVE;
				CLANG_CXX_LANGUAGE_STANDARD = "gnu++14";
				CLANG_CXX_LIBRARY = "libc++";
				CLANG_ENABLE_MODULES = YES;
				CLANG_ENABLE_OBJC_ARC = YES;
				CLANG_ENABLE_OBJC_WEAK = YES;
				CLANG_WARN_BLOCK_CAPTURE_AUTORELEASING = YES;
				CLANG_WARN_BOOL_CONVERSION = YES;
				CLANG_WARN_COMMA = YES;
				CLANG_WARN_CONSTANT_CONVERSION = YES;
				CLANG_WARN_DEPRECATED_OBJC_IMPLEMENTATIONS = YES;
				CLANG_WARN_DIRECT_OBJC_ISA_USAGE = YES_ERROR;
				CLANG_WARN_DOCUMENTATION_COMMENTS = YES;
				CLANG_WARN_EMPTY_BODY = YES;
				CLANG_WARN_ENUM_CONVERSION = YES;
				CLANG_WARN_INFINITE_RECURSION = YES;
				CLANG_WARN_INT_CONVERSION = YES;
				CLANG_WARN_NON_LITERAL_NULL_CONVERSION = YES;
				CLANG_WARN_OBJC_IMPLICIT_RETAIN_SELF = YES;
				CLANG_WARN_OBJC_LITERAL_CONVERSION = YES;
				CLANG_WARN_OBJC_ROOT_CLASS = YES_ERROR;
				CLANG_WARN_RANGE_LOOP_ANALYSIS = YES;
				CLANG_WARN_STRICT_PROTOTYPES = YES;
				CLANG_WARN_SUSPICIOUS_MOVE = YES;
				CLANG_WARN_UNGUARDED_AVAILABILITY = YES_AGGRESSIVE;
				CLANG_WARN_UNREACHABLE_CODE = YES;
				CLANG_WARN__DUPLICATE_METHOD_MATCH = YES;
				CODE_SIGN_IDENTITY = "iPhone Developer";
				COPY_PHASE_STRIP = NO;
				DEBUG_INFORMATION_FORMAT = "dwarf-with-dsym";
				ENABLE_NS_ASSERTIONS = NO;
				ENABLE_STRICT_OBJC_MSGSEND = YES;
				GCC_C_LANGUAGE_STANDARD = gnu11;
				GCC_NO_COMMON_BLOCKS = YES;
				GCC_WARN_64_TO_32_BIT_CONVERSION = YES;
				GCC_WARN_ABOUT_RETURN_TYPE = YES_ERROR;
				GCC_WARN_UNDECLARED_SELECTOR = YES;
				GCC_WARN_UNINITIALIZED_AUTOS = YES_AGGRESSIVE;
				GCC_WARN_UNUSED_FUNCTION = YES;
				GCC_WARN_UNUSED_VARIABLE = YES;
				IPHONEOS_DEPLOYMENT_TARGET = 12.0;
				MTL_ENABLE_DEBUG_INFO = NO;
				MTL_FAST_MATH = YES;
				SDKROOT = iphoneos;
				SWIFT_COMPILATION_MODE = wholemodule;
				SWIFT_OPTIMIZATION_LEVEL = "-O";
				VALIDATE_PRODUCT = YES;
			};
			name = Release;
		};
		752363A521662BA10082AAD4 /* Debug */ = {
			isa = XCBuildConfiguration;
			buildSettings = {
				ASSETCATALOG_COMPILER_APPICON_NAME = AppIcon;
				CODE_SIGN_STYLE = Automatic;
				DEVELOPMENT_TEAM = 6D4PZMC7DM;
				INFOPLIST_FILE = SecurityDESLab1/Info.plist;
				IPHONEOS_DEPLOYMENT_TARGET = 10.3;
				LD_RUNPATH_SEARCH_PATHS = (
					"$(inherited)",
					"@executable_path/Frameworks",
				);
				PRODUCT_BUNDLE_IDENTIFIER = Artur.SecurityDESLab1;
				PRODUCT_NAME = "$(TARGET_NAME)";
				SWIFT_VERSION = 4.2;
				TARGETED_DEVICE_FAMILY = "1,2";
			};
			name = Debug;
		};
		752363A621662BA10082AAD4 /* Release */ = {
			isa = XCBuildConfiguration;
			buildSettings = {
				ASSETCATALOG_COMPILER_APPICON_NAME = AppIcon;
				CODE_SIGN_STYLE = Automatic;
				DEVELOPMENT_TEAM = 6D4PZMC7DM;
				INFOPLIST_FILE = SecurityDESLab1/Info.plist;
				IPHONEOS_DEPLOYMENT_TARGET = 10.3;
				LD_RUNPATH_SEARCH_PATHS = (
					"$(inherited)",
					"@executable_path/Frameworks",
				);
				PRODUCT_BUNDLE_IDENTIFIER = Artur.SecurityDESLab1;
				PRODUCT_NAME = "$(TARGET_NAME)";
				SWIFT_VERSION = 4.2;
				TARGETED_DEVICE_FAMILY = "1,2";
			};
			name = Release;
		};
/* End XCBuildConfiguration section */

/* Begin XCConfigurationList section */
		75116950216A33FC00162970 /* Build configuration list for PBXNativeTarget "SecurityDESLab1Tests" */ = {
			isa = XCConfigurationList;
			buildConfigurations = (
				75116951216A33FC00162970 /* Debug */,
				75116952216A33FC00162970 /* Release */,
			);
			defaultConfigurationIsVisible = 0;
			defaultConfigurationName = Release;
		};
		7523638D21662B9E0082AAD4 /* Build configuration list for PBXProject "SecurityDESLab1" */ = {
			isa = XCConfigurationList;
			buildConfigurations = (
				752363A221662BA10082AAD4 /* Debug */,
				752363A321662BA10082AAD4 /* Release */,
			);
			defaultConfigurationIsVisible = 0;
			defaultConfigurationName = Release;
		};
		752363A421662BA10082AAD4 /* Build configuration list for PBXNativeTarget "SecurityDESLab1" */ = {
			isa = XCConfigurationList;
			buildConfigurations = (
				752363A521662BA10082AAD4 /* Debug */,
				752363A621662BA10082AAD4 /* Release */,
			);
			defaultConfigurationIsVisible = 0;
			defaultConfigurationName = Release;
		};
/* End XCConfigurationList section */
	};
	rootObject = 7523638A21662B9E0082AAD4 /* Project object */;
}
